
Microsoft Visual Studio Solution File, Format Version 12.00
# Visual Studio Version 16
VisualStudioVersion = 16.0.30804.86
MinimumVisualStudioVersion = 10.0.40219.1
Project("{FAE04EC0-301F-11D3-BF4B-00C04F79EFBC}") = "ContosoUniversity", "ContosoUniversity.csproj", "{B3E4261F-4B7C-42C8-BE03-2F7E61C9A9D2}"
EndProject
Global
	GlobalSection(SolutionConfigurationPlatforms) = preSolution
		Debug|Any CPU = Debug|Any CPU
		Release|Any CPU = Release|Any CPU
	EndGlobalSection
	GlobalSection(ProjectConfigurationPlatforms) = postSolution
		{B3E4261F-4B7C-42C8-BE03-2F7E61C9A9D2}.Debug|Any CPU.ActiveCfg = Debug|Any CPU
		{B3E4261F-4B7C-42C8-BE03-2F7E61C9A9D2}.Debug|Any CPU.Build.0 = Debug|Any CPU
		{B3E4261F-4B7C-42C8-BE03-2F7E61C9A9D2}.Release|Any CPU.ActiveCfg = Release|Any CPU
		{B3E4261F-4B7C-42C8-BE03-2F7E61C9A9D2}.Release|Any CPU.Build.0 = Release|Any CPU
	EndGlobalSection
	GlobalSection(SolutionProperties) = preSolution
		HideSolutionNode = FALSE
	EndGlobalSection
	GlobalSection(ExtensibilityGlobals) = postSolution
		SolutionGuid = {227786CD-B63B-467A-B343-4DC72E18EF40}
	EndGlobalSection
EndGlobal
